
Microsoft Visual Studio Solution File, Format Version 12.00
# Visual Studio Version 16
VisualStudioVersion = 16.0.29509.3
MinimumVisualStudioVersion = 10.0.40219.1
Project("{2150E333-8FDC-42A3-9474-1A3956D46DE8}") = "Microservices", "Microservices", "{6CFC8B01-7B2A-407C-B3A2-14EE3DB69C24}"
EndProject
Project("{2150E333-8FDC-42A3-9474-1A3956D46DE8}") = "Domain", "Domain", "{44968917-70A5-4B64-83BD-04812C2A791B}"
EndProject
Project("{2150E333-8FDC-42A3-9474-1A3956D46DE8}") = "Infra.Bus", "Infra.Bus", "{83D84905-053F-44C4-B63B-6CF5D4B0B5D6}"
EndProject
Project("{2150E333-8FDC-42A3-9474-1A3956D46DE8}") = "Infra.IoC", "Infra.IoC", "{06E344B2-963C-430E-A0CA-2A4E7A77A84F}"
EndProject
Project("{2150E333-8FDC-42A3-9474-1A3956D46DE8}") = "Presentation", "Presentation", "{8B56B921-8E0E-4517-B75B-43A30513FFA6}"
EndProject
Project("{FAE04EC0-301F-11D3-BF4B-00C04F79EFBC}") = "MicroRabbit.Domain.Core", "MicroRabbit.Domain.Core\MicroRabbit.Domain.Core.csproj", "{F4486A85-947E-451E-A5ED-C080E1825214}"
EndProject
Project("{FAE04EC0-301F-11D3-BF4B-00C04F79EFBC}") = "MicroRabbit.Infra.Bus", "MicroRabbit.Infra.Bus\MicroRabbit.Infra.Bus.csproj", "{9F765BB0-EEF3-48C4-A196-EA6ABB8A7BD5}"
EndProject
Global
	GlobalSection(SolutionConfigurationPlatforms) = preSolution
		Debug|Any CPU = Debug|Any CPU
		Release|Any CPU = Release|Any CPU
	EndGlobalSection
	GlobalSection(ProjectConfigurationPlatforms) = postSolution
		{F4486A85-947E-451E-A5ED-C080E1825214}.Debug|Any CPU.ActiveCfg = Debug|Any CPU
		{F4486A85-947E-451E-A5ED-C080E1825214}.Debug|Any CPU.Build.0 = Debug|Any CPU
		{F4486A85-947E-451E-A5ED-C080E1825214}.Release|Any CPU.ActiveCfg = Release|Any CPU
		{F4486A85-947E-451E-A5ED-C080E1825214}.Release|Any CPU.Build.0 = Release|Any CPU
		{9F765BB0-EEF3-48C4-A196-EA6ABB8A7BD5}.Debug|Any CPU.ActiveCfg = Debug|Any CPU
		{9F765BB0-EEF3-48C4-A196-EA6ABB8A7BD5}.Debug|Any CPU.Build.0 = Debug|Any CPU
		{9F765BB0-EEF3-48C4-A196-EA6ABB8A7BD5}.Release|Any CPU.ActiveCfg = Release|Any CPU
		{9F765BB0-EEF3-48C4-A196-EA6ABB8A7BD5}.Release|Any CPU.Build.0 = Release|Any CPU
	EndGlobalSection
	GlobalSection(SolutionProperties) = preSolution
		HideSolutionNode = FALSE
	EndGlobalSection
	GlobalSection(NestedProjects) = preSolution
		{F4486A85-947E-451E-A5ED-C080E1825214} = {44968917-70A5-4B64-83BD-04812C2A791B}
		{9F765BB0-EEF3-48C4-A196-EA6ABB8A7BD5} = {83D84905-053F-44C4-B63B-6CF5D4B0B5D6}
	EndGlobalSection
	GlobalSection(ExtensibilityGlobals) = postSolution
		SolutionGuid = {4E9ADFE4-9A51-474D-A7B8-DAB76A92C34A}
	EndGlobalSection
EndGlobal
